# THIS IS AN AUTOGENERATED FILE. DO NOT EDIT THIS FILE DIRECTLY.
# yarn lockfile v1


"@heroicons/vue@^2.2.0":
  version "2.2.0"
  resolved "https://registry.yarnpkg.com/@heroicons/vue/-/vue-2.2.0.tgz#d81f14eed448eec9859849ed63facd3f29bca2b3"
  integrity sha512-G3dbSxoeEKqbi/DFalhRxJU4mTXJn7GwZ7ae8NuEQzd1bqdd0jAbdaBZlHPcvPD2xI1iGzNVB4k20Un2AguYPw==
